
Microsoft Visual Studio Solution File, Format Version 12.00
# Visual Studio 14
VisualStudioVersion = 14.0.23107.0
MinimumVisualStudioVersion = 10.0.40219.1
Project("{FAE04EC0-301F-11D3-BF4B-00C04F79EFBC}") = "PIDsensor1", "PIDsensor1\PIDsensor1.csproj", "{065EEB87-D276-407C-B4A7-FF3A85DBA5D5}"
EndProject
Project("{FAE04EC0-301F-11D3-BF4B-00C04F79EFBC}") = "CreateDevIdentity", "CreateDevIdentity\CreateDevIdentity.csproj", "{04D5957D-8198-4079-9C20-97E9F8132CA0}"
EndProject
Project("{FAE04EC0-301F-11D3-BF4B-00C04F79EFBC}") = "EventReader", "EventReader\EventReader.csproj", "{A003EC05-DE4B-4441-8ACF-3E00D066ED32}"
EndProject
Project("{8BC9CEB8-8B4A-11D0-8D11-00A0C91BC942}") = "TemperUsbDriver", "TemperUsbDriver\TemperUsbDriver.vcxproj", "{C1B5BCB8-7A64-4D89-8DF8-4FB13C2BC81A}"
EndProject
Global
	GlobalSection(SolutionConfigurationPlatforms) = preSolution
		Debug|Any CPU = Debug|Any CPU
		Debug|ARM = Debug|ARM
		Debug|ARM64 = Debug|ARM64
		Debug|x64 = Debug|x64
		Debug|x86 = Debug|x86
		Release|Any CPU = Release|Any CPU
		Release|ARM = Release|ARM
		Release|ARM64 = Release|ARM64
		Release|x64 = Release|x64
		Release|x86 = Release|x86
	EndGlobalSection
	GlobalSection(ProjectConfigurationPlatforms) = postSolution
		{065EEB87-D276-407C-B4A7-FF3A85DBA5D5}.Debug|Any CPU.ActiveCfg = Debug|x86
		{065EEB87-D276-407C-B4A7-FF3A85DBA5D5}.Debug|ARM.ActiveCfg = Debug|ARM
		{065EEB87-D276-407C-B4A7-FF3A85DBA5D5}.Debug|ARM.Build.0 = Debug|ARM
		{065EEB87-D276-407C-B4A7-FF3A85DBA5D5}.Debug|ARM.Deploy.0 = Debug|ARM
		{065EEB87-D276-407C-B4A7-FF3A85DBA5D5}.Debug|ARM64.ActiveCfg = Debug|x86
		{065EEB87-D276-407C-B4A7-FF3A85DBA5D5}.Debug|x64.ActiveCfg = Debug|x64
		{065EEB87-D276-407C-B4A7-FF3A85DBA5D5}.Debug|x64.Build.0 = Debug|x64
		{065EEB87-D276-407C-B4A7-FF3A85DBA5D5}.Debug|x64.Deploy.0 = Debug|x64
		{065EEB87-D276-407C-B4A7-FF3A85DBA5D5}.Debug|x86.ActiveCfg = Debug|x86
		{065EEB87-D276-407C-B4A7-FF3A85DBA5D5}.Debug|x86.Build.0 = Debug|x86
		{065EEB87-D276-407C-B4A7-FF3A85DBA5D5}.Debug|x86.Deploy.0 = Debug|x86
		{065EEB87-D276-407C-B4A7-FF3A85DBA5D5}.Release|Any CPU.ActiveCfg = Release|x86
		{065EEB87-D276-407C-B4A7-FF3A85DBA5D5}.Release|ARM.ActiveCfg = Release|ARM
		{065EEB87-D276-407C-B4A7-FF3A85DBA5D5}.Release|ARM.Build.0 = Release|ARM
		{065EEB87-D276-407C-B4A7-FF3A85DBA5D5}.Release|ARM.Deploy.0 = Release|ARM
		{065EEB87-D276-407C-B4A7-FF3A85DBA5D5}.Release|ARM64.ActiveCfg = Release|x86
		{065EEB87-D276-407C-B4A7-FF3A85DBA5D5}.Release|x64.ActiveCfg = Release|x64
		{065EEB87-D276-407C-B4A7-FF3A85DBA5D5}.Release|x64.Build.0 = Release|x64
		{065EEB87-D276-407C-B4A7-FF3A85DBA5D5}.Release|x64.Deploy.0 = Release|x64
		{065EEB87-D276-407C-B4A7-FF3A85DBA5D5}.Release|x86.ActiveCfg = Release|x86
		{065EEB87-D276-407C-B4A7-FF3A85DBA5D5}.Release|x86.Build.0 = Release|x86
		{065EEB87-D276-407C-B4A7-FF3A85DBA5D5}.Release|x86.Deploy.0 = Release|x86
		{04D5957D-8198-4079-9C20-97E9F8132CA0}.Debug|Any CPU.ActiveCfg = Debug|Any CPU
		{04D5957D-8198-4079-9C20-97E9F8132CA0}.Debug|Any CPU.Build.0 = Debug|Any CPU
		{04D5957D-8198-4079-9C20-97E9F8132CA0}.Debug|ARM.ActiveCfg = Debug|Any CPU
		{04D5957D-8198-4079-9C20-97E9F8132CA0}.Debug|ARM.Build.0 = Debug|Any CPU
		{04D5957D-8198-4079-9C20-97E9F8132CA0}.Debug|ARM64.ActiveCfg = Debug|Any CPU
		{04D5957D-8198-4079-9C20-97E9F8132CA0}.Debug|ARM64.Build.0 = Debug|Any CPU
		{04D5957D-8198-4079-9C20-97E9F8132CA0}.Debug|x64.ActiveCfg = Debug|Any CPU
		{04D5957D-8198-4079-9C20-97E9F8132CA0}.Debug|x64.Build.0 = Debug|Any CPU
		{04D5957D-8198-4079-9C20-97E9F8132CA0}.Debug|x86.ActiveCfg = Debug|Any CPU
		{04D5957D-8198-4079-9C20-97E9F8132CA0}.Debug|x86.Build.0 = Debug|Any CPU
		{04D5957D-8198-4079-9C20-97E9F8132CA0}.Release|Any CPU.ActiveCfg = Release|Any CPU
		{04D5957D-8198-4079-9C20-97E9F8132CA0}.Release|Any CPU.Build.0 = Release|Any CPU
		{04D5957D-8198-4079-9C20-97E9F8132CA0}.Release|ARM.ActiveCfg = Release|Any CPU
		{04D5957D-8198-4079-9C20-97E9F8132CA0}.Release|ARM.Build.0 = Release|Any CPU
		{04D5957D-8198-4079-9C20-97E9F8132CA0}.Release|ARM64.ActiveCfg = Release|Any CPU
		{04D5957D-8198-4079-9C20-97E9F8132CA0}.Release|ARM64.Build.0 = Release|Any CPU
		{04D5957D-8198-4079-9C20-97E9F8132CA0}.Release|x64.ActiveCfg = Release|Any CPU
		{04D5957D-8198-4079-9C20-97E9F8132CA0}.Release|x64.Build.0 = Release|Any CPU
		{04D5957D-8198-4079-9C20-97E9F8132CA0}.Release|x86.ActiveCfg = Release|Any CPU
		{04D5957D-8198-4079-9C20-97E9F8132CA0}.Release|x86.Build.0 = Release|Any CPU
		{A003EC05-DE4B-4441-8ACF-3E00D066ED32}.Debug|Any CPU.ActiveCfg = Debug|Any CPU
		{A003EC05-DE4B-4441-8ACF-3E00D066ED32}.Debug|Any CPU.Build.0 = Debug|Any CPU
		{A003EC05-DE4B-4441-8ACF-3E00D066ED32}.Debug|ARM.ActiveCfg = Debug|Any CPU
		{A003EC05-DE4B-4441-8ACF-3E00D066ED32}.Debug|ARM.Build.0 = Debug|Any CPU
		{A003EC05-DE4B-4441-8ACF-3E00D066ED32}.Debug|ARM64.ActiveCfg = Debug|Any CPU
		{A003EC05-DE4B-4441-8ACF-3E00D066ED32}.Debug|ARM64.Build.0 = Debug|Any CPU
		{A003EC05-DE4B-4441-8ACF-3E00D066ED32}.Debug|x64.ActiveCfg = Debug|Any CPU
		{A003EC05-DE4B-4441-8ACF-3E00D066ED32}.Debug|x64.Build.0 = Debug|Any CPU
		{A003EC05-DE4B-4441-8ACF-3E00D066ED32}.Debug|x86.ActiveCfg = Debug|Any CPU
		{A003EC05-DE4B-4441-8ACF-3E00D066ED32}.Debug|x86.Build.0 = Debug|Any CPU
		{A003EC05-DE4B-4441-8ACF-3E00D066ED32}.Release|Any CPU.ActiveCfg = Release|Any CPU
		{A003EC05-DE4B-4441-8ACF-3E00D066ED32}.Release|Any CPU.Build.0 = Release|Any CPU
		{A003EC05-DE4B-4441-8ACF-3E00D066ED32}.Release|ARM.ActiveCfg = Release|Any CPU
		{A003EC05-DE4B-4441-8ACF-3E00D066ED32}.Release|ARM.Build.0 = Release|Any CPU
		{A003EC05-DE4B-4441-8ACF-3E00D066ED32}.Release|ARM64.ActiveCfg = Release|Any CPU
		{A003EC05-DE4B-4441-8ACF-3E00D066ED32}.Release|ARM64.Build.0 = Release|Any CPU
		{A003EC05-DE4B-4441-8ACF-3E00D066ED32}.Release|x64.ActiveCfg = Release|Any CPU
		{A003EC05-DE4B-4441-8ACF-3E00D066ED32}.Release|x64.Build.0 = Release|Any CPU
		{A003EC05-DE4B-4441-8ACF-3E00D066ED32}.Release|x86.ActiveCfg = Release|Any CPU
		{A003EC05-DE4B-4441-8ACF-3E00D066ED32}.Release|x86.Build.0 = Release|Any CPU
		{C1B5BCB8-7A64-4D89-8DF8-4FB13C2BC81A}.Debug|Any CPU.ActiveCfg = Debug|Win32
		{C1B5BCB8-7A64-4D89-8DF8-4FB13C2BC81A}.Debug|ARM.ActiveCfg = Debug|ARM
		{C1B5BCB8-7A64-4D89-8DF8-4FB13C2BC81A}.Debug|ARM.Build.0 = Debug|ARM
		{C1B5BCB8-7A64-4D89-8DF8-4FB13C2BC81A}.Debug|ARM64.ActiveCfg = Debug|ARM64
		{C1B5BCB8-7A64-4D89-8DF8-4FB13C2BC81A}.Debug|ARM64.Build.0 = Debug|ARM64
		{C1B5BCB8-7A64-4D89-8DF8-4FB13C2BC81A}.Debug|x64.ActiveCfg = Debug|x64
		{C1B5BCB8-7A64-4D89-8DF8-4FB13C2BC81A}.Debug|x64.Build.0 = Debug|x64
		{C1B5BCB8-7A64-4D89-8DF8-4FB13C2BC81A}.Debug|x86.ActiveCfg = Debug|Win32
		{C1B5BCB8-7A64-4D89-8DF8-4FB13C2BC81A}.Debug|x86.Build.0 = Debug|Win32
		{C1B5BCB8-7A64-4D89-8DF8-4FB13C2BC81A}.Debug|x86.Deploy.0 = Debug|Win32
		{C1B5BCB8-7A64-4D89-8DF8-4FB13C2BC81A}.Release|Any CPU.ActiveCfg = Release|Win32
		{C1B5BCB8-7A64-4D89-8DF8-4FB13C2BC81A}.Release|ARM.ActiveCfg = Release|ARM
		{C1B5BCB8-7A64-4D89-8DF8-4FB13C2BC81A}.Release|ARM.Build.0 = Release|ARM
		{C1B5BCB8-7A64-4D89-8DF8-4FB13C2BC81A}.Release|ARM64.ActiveCfg = Release|ARM64
		{C1B5BCB8-7A64-4D89-8DF8-4FB13C2BC81A}.Release|ARM64.Build.0 = Release|ARM64
		{C1B5BCB8-7A64-4D89-8DF8-4FB13C2BC81A}.Release|x64.ActiveCfg = Release|x64
		{C1B5BCB8-7A64-4D89-8DF8-4FB13C2BC81A}.Release|x64.Build.0 = Release|x64
		{C1B5BCB8-7A64-4D89-8DF8-4FB13C2BC81A}.Release|x86.ActiveCfg = Release|Win32
		{C1B5BCB8-7A64-4D89-8DF8-4FB13C2BC81A}.Release|x86.Build.0 = Release|Win32
		{C1B5BCB8-7A64-4D89-8DF8-4FB13C2BC81A}.Release|x86.Deploy.0 = Release|Win32
	EndGlobalSection
	GlobalSection(SolutionProperties) = preSolution
		HideSolutionNode = FALSE
	EndGlobalSection
EndGlobal
